
Microsoft Visual Studio Solution File, Format Version 12.00
# Visual Studio 2013
VisualStudioVersion = 12.0.31101.0
MinimumVisualStudioVersion = 10.0.40219.1
Project("{FAE04EC0-301F-11D3-BF4B-00C04F79EFBC}") = "ServicioActividades", "ServicioActividades\ServicioActividades.csproj", "{2D6833ED-E908-41AE-BB90-55BAF00774E1}"
EndProject
Project("{FAE04EC0-301F-11D3-BF4B-00C04F79EFBC}") = "RepositorioDB", "RepositorioDB\RepositorioDB.csproj", "{613915C3-E797-4CCD-889F-78E6C9CDEB3B}"
EndProject
Global
	GlobalSection(SolutionConfigurationPlatforms) = preSolution
		Debug|Any CPU = Debug|Any CPU
		Release|Any CPU = Release|Any CPU
	EndGlobalSection
	GlobalSection(ProjectConfigurationPlatforms) = postSolution
		{2D6833ED-E908-41AE-BB90-55BAF00774E1}.Debug|Any CPU.ActiveCfg = Debug|Any CPU
		{2D6833ED-E908-41AE-BB90-55BAF00774E1}.Debug|Any CPU.Build.0 = Debug|Any CPU
		{2D6833ED-E908-41AE-BB90-55BAF00774E1}.Release|Any CPU.ActiveCfg = Release|Any CPU
		{2D6833ED-E908-41AE-BB90-55BAF00774E1}.Release|Any CPU.Build.0 = Release|Any CPU
		{613915C3-E797-4CCD-889F-78E6C9CDEB3B}.Debug|Any CPU.ActiveCfg = Debug|Any CPU
		{613915C3-E797-4CCD-889F-78E6C9CDEB3B}.Debug|Any CPU.Build.0 = Debug|Any CPU
		{613915C3-E797-4CCD-889F-78E6C9CDEB3B}.Release|Any CPU.ActiveCfg = Release|Any CPU
		{613915C3-E797-4CCD-889F-78E6C9CDEB3B}.Release|Any CPU.Build.0 = Release|Any CPU
	EndGlobalSection
	GlobalSection(SolutionProperties) = preSolution
		HideSolutionNode = FALSE
	EndGlobalSection
EndGlobal
